
Microsoft Visual Studio Solution File, Format Version 12.00
# Visual Studio 15
VisualStudioVersion = 15.0.26124.0
MinimumVisualStudioVersion = 15.0.26124.0
Project("{9A19103F-16F7-4668-BE54-9A1E7A4F7556}") = "BlazorStandalone", "BlazorStandalone\BlazorStandalone.csproj", "{1865B612-2B05-4425-81F0-01515EA6FE01}"
EndProject
Global
	GlobalSection(SolutionConfigurationPlatforms) = preSolution
		Debug|Any CPU = Debug|Any CPU
		Release|Any CPU = Release|Any CPU
	EndGlobalSection
	GlobalSection(ProjectConfigurationPlatforms) = postSolution
		{1865B612-2B05-4425-81F0-01515EA6FE01}.Debug|Any CPU.ActiveCfg = Debug|Any CPU
		{1865B612-2B05-4425-81F0-01515EA6FE01}.Debug|Any CPU.Build.0 = Debug|Any CPU
		{1865B612-2B05-4425-81F0-01515EA6FE01}.Release|Any CPU.ActiveCfg = Release|Any CPU
		{1865B612-2B05-4425-81F0-01515EA6FE01}.Release|Any CPU.Build.0 = Release|Any CPU
	EndGlobalSection
	GlobalSection(SolutionProperties) = preSolution
		HideSolutionNode = FALSE
	EndGlobalSection
	GlobalSection(ExtensibilityGlobals) = postSolution
		SolutionGuid = {A9BD29FF-CC9F-443A-A481-C6A393C955A0}
	EndGlobalSection
EndGlobal
