
Microsoft Visual Studio Solution File, Format Version 12.00
# Visual Studio 15
VisualStudioVersion = 15.0.26124.0
MinimumVisualStudioVersion = 15.0.26124.0
Project("{9A19103F-16F7-4668-BE54-9A1E7A4F7556}") = "BlazorStandalone", "BlazorStandalone\BlazorStandalone.csproj", "{1865B612-2B05-4425-81F0-01515EA6FE01}"
EndProject
Project("{9A19103F-16F7-4668-BE54-9A1E7A4F7556}") = "BlazorRedux", "..\src\BlazorRedux\BlazorRedux.csproj", "{D5378F56-8A9B-49BF-ABA6-FE1D4F19B93E}"
EndProject
Project("{2150E333-8FDC-42A3-9474-1A3956D46DE8}") = "src", "src", "{61B0B5CA-4319-4C7B-891C-A24D456D4316}"
EndProject
Project("{2150E333-8FDC-42A3-9474-1A3956D46DE8}") = "BlazorHosted", "BlazorHosted", "{46AC7C2C-E853-4C0D-AFC3-C02D44A60612}"
EndProject
Project("{9A19103F-16F7-4668-BE54-9A1E7A4F7556}") = "BlazorHosted.Client", "BlazorHosted\BlazorHosted.Client\BlazorHosted.Client.csproj", "{C744F9D1-7634-43EB-BFEA-03CFC96E692E}"
EndProject
Project("{9A19103F-16F7-4668-BE54-9A1E7A4F7556}") = "BlazorHosted.Server", "BlazorHosted\BlazorHosted.Server\BlazorHosted.Server.csproj", "{95563A21-2899-43A5-B247-9B43166F95F7}"
EndProject
Project("{9A19103F-16F7-4668-BE54-9A1E7A4F7556}") = "BlazorHosted.Shared", "BlazorHosted\BlazorHosted.Shared\BlazorHosted.Shared.csproj", "{37A716D3-B9DB-4C8D-9ED4-1931CE21DDAF}"
EndProject
Project("{9A19103F-16F7-4668-BE54-9A1E7A4F7556}") = "Minimal", "Minimal\Minimal.csproj", "{2EC5A528-7479-4796-AF58-33E0421C7990}"
EndProject
Global
	GlobalSection(SolutionConfigurationPlatforms) = preSolution
		Debug|Any CPU = Debug|Any CPU
		Release|Any CPU = Release|Any CPU
	EndGlobalSection
	GlobalSection(ProjectConfigurationPlatforms) = postSolution
		{1865B612-2B05-4425-81F0-01515EA6FE01}.Debug|Any CPU.ActiveCfg = Debug|Any CPU
		{1865B612-2B05-4425-81F0-01515EA6FE01}.Debug|Any CPU.Build.0 = Debug|Any CPU
		{1865B612-2B05-4425-81F0-01515EA6FE01}.Release|Any CPU.ActiveCfg = Release|Any CPU
		{1865B612-2B05-4425-81F0-01515EA6FE01}.Release|Any CPU.Build.0 = Release|Any CPU
		{D5378F56-8A9B-49BF-ABA6-FE1D4F19B93E}.Debug|Any CPU.ActiveCfg = Debug|Any CPU
		{D5378F56-8A9B-49BF-ABA6-FE1D4F19B93E}.Debug|Any CPU.Build.0 = Debug|Any CPU
		{D5378F56-8A9B-49BF-ABA6-FE1D4F19B93E}.Release|Any CPU.ActiveCfg = Release|Any CPU
		{D5378F56-8A9B-49BF-ABA6-FE1D4F19B93E}.Release|Any CPU.Build.0 = Release|Any CPU
		{C744F9D1-7634-43EB-BFEA-03CFC96E692E}.Debug|Any CPU.ActiveCfg = Debug|Any CPU
		{C744F9D1-7634-43EB-BFEA-03CFC96E692E}.Debug|Any CPU.Build.0 = Debug|Any CPU
		{C744F9D1-7634-43EB-BFEA-03CFC96E692E}.Release|Any CPU.ActiveCfg = Release|Any CPU
		{C744F9D1-7634-43EB-BFEA-03CFC96E692E}.Release|Any CPU.Build.0 = Release|Any CPU
		{95563A21-2899-43A5-B247-9B43166F95F7}.Debug|Any CPU.ActiveCfg = Debug|Any CPU
		{95563A21-2899-43A5-B247-9B43166F95F7}.Debug|Any CPU.Build.0 = Debug|Any CPU
		{95563A21-2899-43A5-B247-9B43166F95F7}.Release|Any CPU.ActiveCfg = Release|Any CPU
		{95563A21-2899-43A5-B247-9B43166F95F7}.Release|Any CPU.Build.0 = Release|Any CPU
		{37A716D3-B9DB-4C8D-9ED4-1931CE21DDAF}.Debug|Any CPU.ActiveCfg = Debug|Any CPU
		{37A716D3-B9DB-4C8D-9ED4-1931CE21DDAF}.Debug|Any CPU.Build.0 = Debug|Any CPU
		{37A716D3-B9DB-4C8D-9ED4-1931CE21DDAF}.Release|Any CPU.ActiveCfg = Release|Any CPU
		{37A716D3-B9DB-4C8D-9ED4-1931CE21DDAF}.Release|Any CPU.Build.0 = Release|Any CPU
		{2EC5A528-7479-4796-AF58-33E0421C7990}.Debug|Any CPU.ActiveCfg = Debug|Any CPU
		{2EC5A528-7479-4796-AF58-33E0421C7990}.Debug|Any CPU.Build.0 = Debug|Any CPU
		{2EC5A528-7479-4796-AF58-33E0421C7990}.Release|Any CPU.ActiveCfg = Release|Any CPU
		{2EC5A528-7479-4796-AF58-33E0421C7990}.Release|Any CPU.Build.0 = Release|Any CPU
	EndGlobalSection
	GlobalSection(SolutionProperties) = preSolution
		HideSolutionNode = FALSE
	EndGlobalSection
	GlobalSection(NestedProjects) = preSolution
		{D5378F56-8A9B-49BF-ABA6-FE1D4F19B93E} = {61B0B5CA-4319-4C7B-891C-A24D456D4316}
		{C744F9D1-7634-43EB-BFEA-03CFC96E692E} = {46AC7C2C-E853-4C0D-AFC3-C02D44A60612}
		{95563A21-2899-43A5-B247-9B43166F95F7} = {46AC7C2C-E853-4C0D-AFC3-C02D44A60612}
		{37A716D3-B9DB-4C8D-9ED4-1931CE21DDAF} = {46AC7C2C-E853-4C0D-AFC3-C02D44A60612}
	EndGlobalSection
	GlobalSection(ExtensibilityGlobals) = postSolution
		SolutionGuid = {A9BD29FF-CC9F-443A-A481-C6A393C955A0}
	EndGlobalSection
EndGlobal
