
Microsoft Visual Studio Solution File, Format Version 12.00
# Visual Studio 15
VisualStudioVersion = 15.0.26124.0
MinimumVisualStudioVersion = 15.0.26124.0
Project("{9A19103F-16F7-4668-BE54-9A1E7A4F7556}") = "BlazorStandalone", "BlazorStandalone\BlazorStandalone.csproj", "{1865B612-2B05-4425-81F0-01515EA6FE01}"
EndProject
Project("{9A19103F-16F7-4668-BE54-9A1E7A4F7556}") = "BlazorRedux", "..\src\BlazorRedux\BlazorRedux.csproj", "{D5378F56-8A9B-49BF-ABA6-FE1D4F19B93E}"
EndProject
Project("{2150E333-8FDC-42A3-9474-1A3956D46DE8}") = "src", "src", "{61B0B5CA-4319-4C7B-891C-A24D456D4316}"
EndProject
Project("{2150E333-8FDC-42A3-9474-1A3956D46DE8}") = "BlazorHosted", "BlazorHosted", "{46AC7C2C-E853-4C0D-AFC3-C02D44A60612}"
EndProject
Project("{9A19103F-16F7-4668-BE54-9A1E7A4F7556}") = "BlazorHosted.Client", "BlazorHosted\BlazorHosted.Client\BlazorHosted.Client.csproj", "{C744F9D1-7634-43EB-BFEA-03CFC96E692E}"
EndProject
Project("{9A19103F-16F7-4668-BE54-9A1E7A4F7556}") = "BlazorHosted.Server", "BlazorHosted\BlazorHosted.Server\BlazorHosted.Server.csproj", "{95563A21-2899-43A5-B247-9B43166F95F7}"
EndProject
Project("{9A19103F-16F7-4668-BE54-9A1E7A4F7556}") = "BlazorHosted.Shared", "BlazorHosted\BlazorHosted.Shared\BlazorHosted.Shared.csproj", "{37A716D3-B9DB-4C8D-9ED4-1931CE21DDAF}"
EndProject
Project("{2150E333-8FDC-42A3-9474-1A3956D46DE8}") = "FSharp", "FSharp", "{A187CFA5-E822-4DE8-A317-8A61EF148043}"
EndProject
Project("{9A19103F-16F7-4668-BE54-9A1E7A4F7556}") = "Minimal", "Minimal\Minimal.csproj", "{2EC5A528-7479-4796-AF58-33E0421C7990}"
EndProject
Project("{2150E333-8FDC-42A3-9474-1A3956D46DE8}") = "BlazorStandalone", "BlazorStandalone", "{B6CD7A01-D712-428F-9657-D2FEB30452E2}"
EndProject
Project("{6EC3EE1D-3C4E-46DD-8F32-0CC8E7565705}") = "FSharpLib", "FSharp\BlazorStandalone\FSharpLib\FSharpLib.fsproj", "{8268F3C1-83A0-4739-8EE6-5F3C66849A53}"
EndProject
Project("{9A19103F-16F7-4668-BE54-9A1E7A4F7556}") = "FSharp", "FSharp\BlazorStandalone\FSharp\FSharp.csproj", "{15173C13-A488-4676-9B04-2549F9E64831}"
EndProject
Project("{9A19103F-16F7-4668-BE54-9A1E7A4F7556}") = "BlazorReduxLogger", "..\middleware\BlazorReduxLogger\BlazorReduxLogger.csproj", "{1758E9A0-D717-44B0-A8B5-7AE34D638FB3}"
EndProject
Project("{2150E333-8FDC-42A3-9474-1A3956D46DE8}") = "middleware", "middleware", "{3C1FB136-C50E-43D5-9415-0840914B28B1}"
EndProject
Project("{FAE04EC0-301F-11D3-BF4B-00C04F79EFBC}") = "BlazorReduxLocation", "..\middleware\BlazorReduxLocation\BlazorReduxLocation.csproj", "{5E8A3E4C-FBEB-489E-806B-7E50F4A44E69}"
EndProject
Global
	GlobalSection(SolutionConfigurationPlatforms) = preSolution
		Debug|Any CPU = Debug|Any CPU
		Release|Any CPU = Release|Any CPU
	EndGlobalSection
	GlobalSection(ProjectConfigurationPlatforms) = postSolution
		{1865B612-2B05-4425-81F0-01515EA6FE01}.Debug|Any CPU.ActiveCfg = Debug|Any CPU
		{1865B612-2B05-4425-81F0-01515EA6FE01}.Debug|Any CPU.Build.0 = Debug|Any CPU
		{1865B612-2B05-4425-81F0-01515EA6FE01}.Release|Any CPU.ActiveCfg = Release|Any CPU
		{1865B612-2B05-4425-81F0-01515EA6FE01}.Release|Any CPU.Build.0 = Release|Any CPU
		{D5378F56-8A9B-49BF-ABA6-FE1D4F19B93E}.Debug|Any CPU.ActiveCfg = Debug|Any CPU
		{D5378F56-8A9B-49BF-ABA6-FE1D4F19B93E}.Debug|Any CPU.Build.0 = Debug|Any CPU
		{D5378F56-8A9B-49BF-ABA6-FE1D4F19B93E}.Release|Any CPU.ActiveCfg = Release|Any CPU
		{D5378F56-8A9B-49BF-ABA6-FE1D4F19B93E}.Release|Any CPU.Build.0 = Release|Any CPU
		{C744F9D1-7634-43EB-BFEA-03CFC96E692E}.Debug|Any CPU.ActiveCfg = Debug|Any CPU
		{C744F9D1-7634-43EB-BFEA-03CFC96E692E}.Debug|Any CPU.Build.0 = Debug|Any CPU
		{C744F9D1-7634-43EB-BFEA-03CFC96E692E}.Release|Any CPU.ActiveCfg = Release|Any CPU
		{C744F9D1-7634-43EB-BFEA-03CFC96E692E}.Release|Any CPU.Build.0 = Release|Any CPU
		{95563A21-2899-43A5-B247-9B43166F95F7}.Debug|Any CPU.ActiveCfg = Debug|Any CPU
		{95563A21-2899-43A5-B247-9B43166F95F7}.Debug|Any CPU.Build.0 = Debug|Any CPU
		{95563A21-2899-43A5-B247-9B43166F95F7}.Release|Any CPU.ActiveCfg = Release|Any CPU
		{95563A21-2899-43A5-B247-9B43166F95F7}.Release|Any CPU.Build.0 = Release|Any CPU
		{37A716D3-B9DB-4C8D-9ED4-1931CE21DDAF}.Debug|Any CPU.ActiveCfg = Debug|Any CPU
		{37A716D3-B9DB-4C8D-9ED4-1931CE21DDAF}.Debug|Any CPU.Build.0 = Debug|Any CPU
		{37A716D3-B9DB-4C8D-9ED4-1931CE21DDAF}.Release|Any CPU.ActiveCfg = Release|Any CPU
		{37A716D3-B9DB-4C8D-9ED4-1931CE21DDAF}.Release|Any CPU.Build.0 = Release|Any CPU
		{2EC5A528-7479-4796-AF58-33E0421C7990}.Debug|Any CPU.ActiveCfg = Debug|Any CPU
		{2EC5A528-7479-4796-AF58-33E0421C7990}.Debug|Any CPU.Build.0 = Debug|Any CPU
		{2EC5A528-7479-4796-AF58-33E0421C7990}.Release|Any CPU.ActiveCfg = Release|Any CPU
		{2EC5A528-7479-4796-AF58-33E0421C7990}.Release|Any CPU.Build.0 = Release|Any CPU
		{8268F3C1-83A0-4739-8EE6-5F3C66849A53}.Debug|Any CPU.ActiveCfg = Debug|Any CPU
		{8268F3C1-83A0-4739-8EE6-5F3C66849A53}.Debug|Any CPU.Build.0 = Debug|Any CPU
		{8268F3C1-83A0-4739-8EE6-5F3C66849A53}.Release|Any CPU.ActiveCfg = Release|Any CPU
		{8268F3C1-83A0-4739-8EE6-5F3C66849A53}.Release|Any CPU.Build.0 = Release|Any CPU
		{15173C13-A488-4676-9B04-2549F9E64831}.Debug|Any CPU.ActiveCfg = Debug|Any CPU
		{15173C13-A488-4676-9B04-2549F9E64831}.Debug|Any CPU.Build.0 = Debug|Any CPU
		{15173C13-A488-4676-9B04-2549F9E64831}.Release|Any CPU.ActiveCfg = Release|Any CPU
		{15173C13-A488-4676-9B04-2549F9E64831}.Release|Any CPU.Build.0 = Release|Any CPU
		{1758E9A0-D717-44B0-A8B5-7AE34D638FB3}.Debug|Any CPU.ActiveCfg = Debug|Any CPU
		{1758E9A0-D717-44B0-A8B5-7AE34D638FB3}.Debug|Any CPU.Build.0 = Debug|Any CPU
		{1758E9A0-D717-44B0-A8B5-7AE34D638FB3}.Release|Any CPU.ActiveCfg = Release|Any CPU
		{1758E9A0-D717-44B0-A8B5-7AE34D638FB3}.Release|Any CPU.Build.0 = Release|Any CPU
		{5E8A3E4C-FBEB-489E-806B-7E50F4A44E69}.Debug|Any CPU.ActiveCfg = Debug|Any CPU
		{5E8A3E4C-FBEB-489E-806B-7E50F4A44E69}.Debug|Any CPU.Build.0 = Debug|Any CPU
		{5E8A3E4C-FBEB-489E-806B-7E50F4A44E69}.Release|Any CPU.ActiveCfg = Release|Any CPU
		{5E8A3E4C-FBEB-489E-806B-7E50F4A44E69}.Release|Any CPU.Build.0 = Release|Any CPU
	EndGlobalSection
	GlobalSection(SolutionProperties) = preSolution
		HideSolutionNode = FALSE
	EndGlobalSection
	GlobalSection(NestedProjects) = preSolution
		{D5378F56-8A9B-49BF-ABA6-FE1D4F19B93E} = {61B0B5CA-4319-4C7B-891C-A24D456D4316}
		{C744F9D1-7634-43EB-BFEA-03CFC96E692E} = {46AC7C2C-E853-4C0D-AFC3-C02D44A60612}
		{95563A21-2899-43A5-B247-9B43166F95F7} = {46AC7C2C-E853-4C0D-AFC3-C02D44A60612}
		{37A716D3-B9DB-4C8D-9ED4-1931CE21DDAF} = {46AC7C2C-E853-4C0D-AFC3-C02D44A60612}
		{B6CD7A01-D712-428F-9657-D2FEB30452E2} = {A187CFA5-E822-4DE8-A317-8A61EF148043}
		{8268F3C1-83A0-4739-8EE6-5F3C66849A53} = {B6CD7A01-D712-428F-9657-D2FEB30452E2}
		{15173C13-A488-4676-9B04-2549F9E64831} = {B6CD7A01-D712-428F-9657-D2FEB30452E2}
		{1758E9A0-D717-44B0-A8B5-7AE34D638FB3} = {3C1FB136-C50E-43D5-9415-0840914B28B1}
		{5E8A3E4C-FBEB-489E-806B-7E50F4A44E69} = {3C1FB136-C50E-43D5-9415-0840914B28B1}
	EndGlobalSection
	GlobalSection(ExtensibilityGlobals) = postSolution
		SolutionGuid = {A9BD29FF-CC9F-443A-A481-C6A393C955A0}
	EndGlobalSection
EndGlobal
